
Microsoft Visual Studio Solution File, Format Version 12.00
# Visual Studio Version 16
VisualStudioVersion = 16.0.30225.117
MinimumVisualStudioVersion = 10.0.40219.1
Project("{FAE04EC0-301F-11D3-BF4B-00C04F79EFBC}") = "X.API", "X.API\X.API.csproj", "{D19C5700-895A-4AF5-8319-4F63CB3EC545}"
EndProject
Project("{FAE04EC0-301F-11D3-BF4B-00C04F79EFBC}") = "X.Core", "X.Core\X.Core.csproj", "{AA00C5A9-B12F-4A1E-A9D1-97094A8FCC75}"
EndProject
Project("{FAE04EC0-301F-11D3-BF4B-00C04F79EFBC}") = "X.Data", "X.Data\X.Data.csproj", "{0C60DD02-9E1D-4DF9-80A0-41199CCE98D0}"
EndProject
Project("{FAE04EC0-301F-11D3-BF4B-00C04F79EFBC}") = "X.Service", "X.Service\X.Service.csproj", "{FEEA0439-D0F6-475A-8240-D49A61CEBCC4}"
EndProject
Global
	GlobalSection(SolutionConfigurationPlatforms) = preSolution
		Debug|Any CPU = Debug|Any CPU
		Release|Any CPU = Release|Any CPU
	EndGlobalSection
	GlobalSection(ProjectConfigurationPlatforms) = postSolution
		{D19C5700-895A-4AF5-8319-4F63CB3EC545}.Debug|Any CPU.ActiveCfg = Debug|Any CPU
		{D19C5700-895A-4AF5-8319-4F63CB3EC545}.Debug|Any CPU.Build.0 = Debug|Any CPU
		{D19C5700-895A-4AF5-8319-4F63CB3EC545}.Release|Any CPU.ActiveCfg = Release|Any CPU
		{D19C5700-895A-4AF5-8319-4F63CB3EC545}.Release|Any CPU.Build.0 = Release|Any CPU
		{AA00C5A9-B12F-4A1E-A9D1-97094A8FCC75}.Debug|Any CPU.ActiveCfg = Debug|Any CPU
		{AA00C5A9-B12F-4A1E-A9D1-97094A8FCC75}.Debug|Any CPU.Build.0 = Debug|Any CPU
		{AA00C5A9-B12F-4A1E-A9D1-97094A8FCC75}.Release|Any CPU.ActiveCfg = Release|Any CPU
		{AA00C5A9-B12F-4A1E-A9D1-97094A8FCC75}.Release|Any CPU.Build.0 = Release|Any CPU
		{0C60DD02-9E1D-4DF9-80A0-41199CCE98D0}.Debug|Any CPU.ActiveCfg = Debug|Any CPU
		{0C60DD02-9E1D-4DF9-80A0-41199CCE98D0}.Debug|Any CPU.Build.0 = Debug|Any CPU
		{0C60DD02-9E1D-4DF9-80A0-41199CCE98D0}.Release|Any CPU.ActiveCfg = Release|Any CPU
		{0C60DD02-9E1D-4DF9-80A0-41199CCE98D0}.Release|Any CPU.Build.0 = Release|Any CPU
		{FEEA0439-D0F6-475A-8240-D49A61CEBCC4}.Debug|Any CPU.ActiveCfg = Debug|Any CPU
		{FEEA0439-D0F6-475A-8240-D49A61CEBCC4}.Debug|Any CPU.Build.0 = Debug|Any CPU
		{FEEA0439-D0F6-475A-8240-D49A61CEBCC4}.Release|Any CPU.ActiveCfg = Release|Any CPU
		{FEEA0439-D0F6-475A-8240-D49A61CEBCC4}.Release|Any CPU.Build.0 = Release|Any CPU
	EndGlobalSection
	GlobalSection(SolutionProperties) = preSolution
		HideSolutionNode = FALSE
	EndGlobalSection
	GlobalSection(ExtensibilityGlobals) = postSolution
		SolutionGuid = {6E3B8DF7-21F1-4652-B9C1-53192058891F}
	EndGlobalSection
EndGlobal
